// !$*UTF8*$!
{
	archiveVersion = 1;
	classes = {
	};
	objectVersion = 56;
	objects = {

/* Begin PBXBuildFile section */
		530C79D32BE8610300623EFD /* TwoWayBindingsApp.swift in Sources */ = {isa = PBXBuildFile; fileRef = 530C79D22BE8610300623EFD /* TwoWayBindingsApp.swift */; };
		530C79D52BE8610300623EFD /* ContentView.swift in Sources */ = {isa = PBXBuildFile; fileRef = 530C79D42BE8610300623EFD /* ContentView.swift */; };
		530C79D72BE8610500623EFD /* Assets.xcassets in Resources */ = {isa = PBXBuildFile; fileRef = 530C79D62BE8610500623EFD /* Assets.xcassets */; };
		530C79DA2BE8610500623EFD /* Preview Assets.xcassets in Resources */ = {isa = PBXBuildFile; fileRef = 530C79D92BE8610500623EFD /* Preview Assets.xcassets */; };
		530C79E42BE8610500623EFD /* TwoWayBindingsTests.swift in Sources */ = {isa = PBXBuildFile; fileRef = 530C79E32BE8610500623EFD /* TwoWayBindingsTests.swift */; };
		530C79EE2BE8610500623EFD /* TwoWayBindingsUITests.swift in Sources */ = {isa = PBXBuildFile; fileRef = 530C79ED2BE8610500623EFD /* TwoWayBindingsUITests.swift */; };
		530C79F02BE8610500623EFD /* TwoWayBindingsUITestsLaunchTests.swift in Sources */ = {isa = PBXBuildFile; fileRef = 530C79EF2BE8610500623EFD /* TwoWayBindingsUITestsLaunchTests.swift */; };
/* End PBXBuildFile section */

/* Begin PBXContainerItemProxy section */
		530C79E02BE8610500623EFD /* PBXContainerItemProxy */ = {
			isa = PBXContainerItemProxy;
			containerPortal = 530C79C72BE8610300623EFD /* Project object */;
			proxyType = 1;
			remoteGlobalIDString = 530C79CE2BE8610300623EFD;
			remoteInfo = TwoWayBindings;
		};
		530C79EA2BE8610500623EFD /* PBXContainerItemProxy */ = {
			isa = PBXContainerItemProxy;
			containerPortal = 530C79C72BE8610300623EFD /* Project object */;
			proxyType = 1;
			remoteGlobalIDString = 530C79CE2BE8610300623EFD;
			remoteInfo = TwoWayBindings;
		};
/* End PBXContainerItemProxy section */

/* Begin PBXFileReference section */
		530C79CF2BE8610300623EFD /* TwoWayBindings.app */ = {isa = PBXFileReference; explicitFileType = wrapper.application; includeInIndex = 0; path = TwoWayBindings.app; sourceTree = BUILT_PRODUCTS_DIR; };
		530C79D22BE8610300623EFD /* TwoWayBindingsApp.swift */ = {isa = PBXFileReference; lastKnownFileType = sourcecode.swift; path = TwoWayBindingsApp.swift; sourceTree = "<group>"; };
		530C79D42BE8610300623EFD /* ContentView.swift */ = {isa = PBXFileReference; lastKnownFileType = sourcecode.swift; path = ContentView.swift; sourceTree = "<group>"; };
		530C79D62BE8610500623EFD /* Assets.xcassets */ = {isa = PBXFileReference; lastKnownFileType = folder.assetcatalog; path = Assets.xcassets; sourceTree = "<group>"; };
		530C79D92BE8610500623EFD /* Preview Assets.xcassets */ = {isa = PBXFileReference; lastKnownFileType = folder.assetcatalog; path = "Preview Assets.xcassets"; sourceTree = "<group>"; };
		530C79DF2BE8610500623EFD /* TwoWayBindingsTests.xctest */ = {isa = PBXFileReference; explicitFileType = wrapper.cfbundle; includeInIndex = 0; path = TwoWayBindingsTests.xctest; sourceTree = BUILT_PRODUCTS_DIR; };
		530C79E32BE8610500623EFD /* TwoWayBindingsTests.swift */ = {isa = PBXFileReference; lastKnownFileType = sourcecode.swift; path = TwoWayBindingsTests.swift; sourceTree = "<group>"; };
		530C79E92BE8610500623EFD /* TwoWayBindingsUITests.xctest */ = {isa = PBXFileReference; explicitFileType = wrapper.cfbundle; includeInIndex = 0; path = TwoWayBindingsUITests.xctest; sourceTree = BUILT_PRODUCTS_DIR; };
		530C79ED2BE8610500623EFD /* TwoWayBindingsUITests.swift */ = {isa = PBXFileReference; lastKnownFileType = sourcecode.swift; path = TwoWayBindingsUITests.swift; sourceTree = "<group>"; };
		530C79EF2BE8610500623EFD /* TwoWayBindingsUITestsLaunchTests.swift */ = {isa = PBXFileReference; lastKnownFileType = sourcecode.swift; path = TwoWayBindingsUITestsLaunchTests.swift; sourceTree = "<group>"; };
/* End PBXFileReference section */

/* Begin PBXFrameworksBuildPhase section */
		530C79CC2BE8610300623EFD /* Frameworks */ = {
			isa = PBXFrameworksBuildPhase;
			buildActionMask = 2147483647;
			files = (
			);
			runOnlyForDeploymentPostprocessing = 0;
		};
		530C79DC2BE8610500623EFD /* Frameworks */ = {
			isa = PBXFrameworksBuildPhase;
			buildActionMask = 2147483647;
			files = (
			);
			runOnlyForDeploymentPostprocessing = 0;
		};
		530C79E62BE8610500623EFD /* Frameworks */ = {
			isa = PBXFrameworksBuildPhase;
			buildActionMask = 2147483647;
			files = (
			);
			runOnlyForDeploymentPostprocessing = 0;
		};
/* End PBXFrameworksBuildPhase section */

/* Begin PBXGroup section */
		530C79C62BE8610300623EFD = {
			isa = PBXGroup;
			children = (
				530C79D12BE8610300623EFD /* TwoWayBindings */,
				530C79E22BE8610500623EFD /* TwoWayBindingsTests */,
				530C79EC2BE8610500623EFD /* TwoWayBindingsUITests */,
				530C79D02BE8610300623EFD /* Products */,
			);
			sourceTree = "<group>";
		};
		530C79D02BE8610300623EFD /* Products */ = {
			isa = PBXGroup;
			children = (
				530C79CF2BE8610300623EFD /* TwoWayBindings.app */,
				530C79DF2BE8610500623EFD /* TwoWayBindingsTests.xctest */,
				530C79E92BE8610500623EFD /* TwoWayBindingsUITests.xctest */,
			);
			name = Products;
			sourceTree = "<group>";
		};
		530C79D12BE8610300623EFD /* TwoWayBindings */ = {
			isa = PBXGroup;
			children = (
				530C79D22BE8610300623EFD /* TwoWayBindingsApp.swift */,
				530C79D42BE8610300623EFD /* ContentView.swift */,
				530C79D62BE8610500623EFD /* Assets.xcassets */,
				530C79D82BE8610500623EFD /* Preview Content */,
			);
			path = TwoWayBindings;
			sourceTree = "<group>";
		};
		530C79D82BE8610500623EFD /* Preview Content */ = {
			isa = PBXGroup;
			children = (
				530C79D92BE8610500623EFD /* Preview Assets.xcassets */,
			);
			path = "Preview Content";
			sourceTree = "<group>";
		};
		530C79E22BE8610500623EFD /* TwoWayBindingsTests */ = {
			isa = PBXGroup;
			children = (
				530C79E32BE8610500623EFD /* TwoWayBindingsTests.swift */,
			);
			path = TwoWayBindingsTests;
			sourceTree = "<group>";
		};
		530C79EC2BE8610500623EFD /* TwoWayBindingsUITests */ = {
			isa = PBXGroup;
			children = (
				530C79ED2BE8610500623EFD /* TwoWayBindingsUITests.swift */,
				530C79EF2BE8610500623EFD /* TwoWayBindingsUITestsLaunchTests.swift */,
			);
			path = TwoWayBindingsUITests;
			sourceTree = "<group>";
		};
/* End PBXGroup section */

/* Begin PBXNativeTarget section */
		530C79CE2BE8610300623EFD /* TwoWayBindings */ = {
			isa = PBXNativeTarget;
			buildConfigurationList = 530C79F32BE8610500623EFD /* Build configuration list for PBXNativeTarget "TwoWayBindings" */;
			buildPhases = (
				530C79CB2BE8610300623EFD /* Sources */,
				530C79CC2BE8610300623EFD /* Frameworks */,
				530C79CD2BE8610300623EFD /* Resources */,
			);
			buildRules = (
			);
			dependencies = (
			);
			name = TwoWayBindings;
			productName = TwoWayBindings;
			productReference = 530C79CF2BE8610300623EFD /* TwoWayBindings.app */;
			productType = "com.apple.product-type.application";
		};
		530C79DE2BE8610500623EFD /* TwoWayBindingsTests */ = {
			isa = PBXNativeTarget;
			buildConfigurationList = 530C79F62BE8610500623EFD /* Build configuration list for PBXNativeTarget "TwoWayBindingsTests" */;
			buildPhases = (
				530C79DB2BE8610500623EFD /* Sources */,
				530C79DC2BE8610500623EFD /* Frameworks */,
				530C79DD2BE8610500623EFD /* Resources */,
			);
			buildRules = (
			);
			dependencies = (
				530C79E12BE8610500623EFD /* PBXTargetDependency */,
			);
			name = TwoWayBindingsTests;
			productName = TwoWayBindingsTests;
			productReference = 530C79DF2BE8610500623EFD /* TwoWayBindingsTests.xctest */;
			productType = "com.apple.product-type.bundle.unit-test";
		};
		530C79E82BE8610500623EFD /* TwoWayBindingsUITests */ = {
			isa = PBXNativeTarget;
			buildConfigurationList = 530C79F92BE8610500623EFD /* Build configuration list for PBXNativeTarget "TwoWayBindingsUITests" */;
			buildPhases = (
				530C79E52BE8610500623EFD /* Sources */,
				530C79E62BE8610500623EFD /* Frameworks */,
				530C79E72BE8610500623EFD /* Resources */,
			);
			buildRules = (
			);
			dependencies = (
				530C79EB2BE8610500623EFD /* PBXTargetDependency */,
			);
			name = TwoWayBindingsUITests;
			productName = TwoWayBindingsUITests;
			productReference = 530C79E92BE8610500623EFD /* TwoWayBindingsUITests.xctest */;
			productType = "com.apple.product-type.bundle.ui-testing";
		};
/* End PBXNativeTarget section */

/* Begin PBXProject section */
		530C79C72BE8610300623EFD /* Project object */ = {
			isa = PBXProject;
			attributes = {
				BuildIndependentTargetsInParallel = 1;
				LastSwiftUpdateCheck = 1530;
				LastUpgradeCheck = 1530;
				TargetAttributes = {
					530C79CE2BE8610300623EFD = {
						CreatedOnToolsVersion = 15.3;
					};
					530C79DE2BE8610500623EFD = {
						CreatedOnToolsVersion = 15.3;
						TestTargetID = 530C79CE2BE8610300623EFD;
					};
					530C79E82BE8610500623EFD = {
						CreatedOnToolsVersion = 15.3;
						TestTargetID = 530C79CE2BE8610300623EFD;
					};
				};
			};
			buildConfigurationList = 530C79CA2BE8610300623EFD /* Build configuration list for PBXProject "TwoWayBindings" */;
			compatibilityVersion = "Xcode 14.0";
			developmentRegion = en;
			hasScannedForEncodings = 0;
			knownRegions = (
				en,
				Base,
			);
			mainGroup = 530C79C62BE8610300623EFD;
			productRefGroup = 530C79D02BE8610300623EFD /* Products */;
			projectDirPath = "";
			projectRoot = "";
			targets = (
				530C79CE2BE8610300623EFD /* TwoWayBindings */,
				530C79DE2BE8610500623EFD /* TwoWayBindingsTests */,
				530C79E82BE8610500623EFD /* TwoWayBindingsUITests */,
			);
		};
/* End PBXProject section */

/* Begin PBXResourcesBuildPhase section */
		530C79CD2BE8610300623EFD /* Resources */ = {
			isa = PBXResourcesBuildPhase;
			buildActionMask = 2147483647;
			files = (
				530C79DA2BE8610500623EFD /* Preview Assets.xcassets in Resources */,
				530C79D72BE8610500623EFD /* Assets.xcassets in Resources */,
			);
			runOnlyForDeploymentPostprocessing = 0;
		};
		530C79DD2BE8610500623EFD /* Resources */ = {
			isa = PBXResourcesBuildPhase;
			buildActionMask = 2147483647;
			files = (
			);
			runOnlyForDeploymentPostprocessing = 0;
		};
		530C79E72BE8610500623EFD /* Resources */ = {
			isa = PBXResourcesBuildPhase;
			buildActionMask = 2147483647;
			files = (
			);
			runOnlyForDeploymentPostprocessing = 0;
		};
/* End PBXResourcesBuildPhase section */

/* Begin PBXSourcesBuildPhase section */
		530C79CB2BE8610300623EFD /* Sources */ = {
			isa = PBXSourcesBuildPhase;
			buildActionMask = 2147483647;
			files = (
				530C79D52BE8610300623EFD /* ContentView.swift in Sources */,
				530C79D32BE8610300623EFD /* TwoWayBindingsApp.swift in Sources */,
			);
			runOnlyForDeploymentPostprocessing = 0;
		};
		530C79DB2BE8610500623EFD /* Sources */ = {
			isa = PBXSourcesBuildPhase;
			buildActionMask = 2147483647;
			files = (
				530C79E42BE8610500623EFD /* TwoWayBindingsTests.swift in Sources */,
			);
			runOnlyForDeploymentPostprocessing = 0;
		};
		530C79E52BE8610500623EFD /* Sources */ = {
			isa = PBXSourcesBuildPhase;
			buildActionMask = 2147483647;
			files = (
				530C79EE2BE8610500623EFD /* TwoWayBindingsUITests.swift in Sources */,
				530C79F02BE8610500623EFD /* TwoWayBindingsUITestsLaunchTests.swift in Sources */,
			);
			runOnlyForDeploymentPostprocessing = 0;
		};
/* End PBXSourcesBuildPhase section */

/* Begin PBXTargetDependency section */
		530C79E12BE8610500623EFD /* PBXTargetDependency */ = {
			isa = PBXTargetDependency;
			target = 530C79CE2BE8610300623EFD /* TwoWayBindings */;
			targetProxy = 530C79E02BE8610500623EFD /* PBXContainerItemProxy */;
		};
		530C79EB2BE8610500623EFD /* PBXTargetDependency */ = {
			isa = PBXTargetDependency;
			target = 530C79CE2BE8610300623EFD /* TwoWayBindings */;
			targetProxy = 530C79EA2BE8610500623EFD /* PBXContainerItemProxy */;
		};
/* End PBXTargetDependency section */

/* Begin XCBuildConfiguration section */
		530C79F12BE8610500623EFD /* Debug */ = {
			isa = XCBuildConfiguration;
			buildSettings = {
				ALWAYS_SEARCH_USER_PATHS = NO;
				ASSETCATALOG_COMPILER_GENERATE_SWIFT_ASSET_SYMBOL_EXTENSIONS = YES;
				CLANG_ANALYZER_NONNULL = YES;
				CLANG_ANALYZER_NUMBER_OBJECT_CONVERSION = YES_AGGRESSIVE;
				CLANG_CXX_LANGUAGE_STANDARD = "gnu++20";
				CLANG_ENABLE_MODULES = YES;
				CLANG_ENABLE_OBJC_ARC = YES;
				CLANG_ENABLE_OBJC_WEAK = YES;
				CLANG_WARN_BLOCK_CAPTURE_AUTORELEASING = YES;
				CLANG_WARN_BOOL_CONVERSION = YES;
				CLANG_WARN_COMMA = YES;
				CLANG_WARN_CONSTANT_CONVERSION = YES;
				CLANG_WARN_DEPRECATED_OBJC_IMPLEMENTATIONS = YES;
				CLANG_WARN_DIRECT_OBJC_ISA_USAGE = YES_ERROR;
				CLANG_WARN_DOCUMENTATION_COMMENTS = YES;
				CLANG_WARN_EMPTY_BODY = YES;
				CLANG_WARN_ENUM_CONVERSION = YES;
				CLANG_WARN_INFINITE_RECURSION = YES;
				CLANG_WARN_INT_CONVERSION = YES;
				CLANG_WARN_NON_LITERAL_NULL_CONVERSION = YES;
				CLANG_WARN_OBJC_IMPLICIT_RETAIN_SELF = YES;
				CLANG_WARN_OBJC_LITERAL_CONVERSION = YES;
				CLANG_WARN_OBJC_ROOT_CLASS = YES_ERROR;
				CLANG_WARN_QUOTED_INCLUDE_IN_FRAMEWORK_HEADER = YES;
				CLANG_WARN_RANGE_LOOP_ANALYSIS = YES;
				CLANG_WARN_STRICT_PROTOTYPES = YES;
				CLANG_WARN_SUSPICIOUS_MOVE = YES;
				CLANG_WARN_UNGUARDED_AVAILABILITY = YES_AGGRESSIVE;
				CLANG_WARN_UNREACHABLE_CODE = YES;
				CLANG_WARN__DUPLICATE_METHOD_MATCH = YES;
				COPY_PHASE_STRIP = NO;
				DEBUG_INFORMATION_FORMAT = dwarf;
				ENABLE_STRICT_OBJC_MSGSEND = YES;
				ENABLE_TESTABILITY = YES;
				ENABLE_USER_SCRIPT_SANDBOXING = YES;
				GCC_C_LANGUAGE_STANDARD = gnu17;
				GCC_DYNAMIC_NO_PIC = NO;
				GCC_NO_COMMON_BLOCKS = YES;
				GCC_OPTIMIZATION_LEVEL = 0;
				GCC_PREPROCESSOR_DEFINITIONS = (
					"DEBUG=1",
					"$(inherited)",
				);
				GCC_WARN_64_TO_32_BIT_CONVERSION = YES;
				GCC_WARN_ABOUT_RETURN_TYPE = YES_ERROR;
				GCC_WARN_UNDECLARED_SELECTOR = YES;
				GCC_WARN_UNINITIALIZED_AUTOS = YES_AGGRESSIVE;
				GCC_WARN_UNUSED_FUNCTION = YES;
				GCC_WARN_UNUSED_VARIABLE = YES;
				IPHONEOS_DEPLOYMENT_TARGET = 17.4;
				LOCALIZATION_PREFERS_STRING_CATALOGS = YES;
				MTL_ENABLE_DEBUG_INFO = INCLUDE_SOURCE;
				MTL_FAST_MATH = YES;
				ONLY_ACTIVE_ARCH = YES;
				SDKROOT = iphoneos;
				SWIFT_ACTIVE_COMPILATION_CONDITIONS = "DEBUG $(inherited)";
				SWIFT_OPTIMIZATION_LEVEL = "-Onone";
			};
			name = Debug;
		};
		530C79F22BE8610500623EFD /* Release */ = {
			isa = XCBuildConfiguration;
			buildSettings = {
				ALWAYS_SEARCH_USER_PATHS = NO;
				ASSETCATALOG_COMPILER_GENERATE_SWIFT_ASSET_SYMBOL_EXTENSIONS = YES;
				CLANG_ANALYZER_NONNULL = YES;
				CLANG_ANALYZER_NUMBER_OBJECT_CONVERSION = YES_AGGRESSIVE;
				CLANG_CXX_LANGUAGE_STANDARD = "gnu++20";
				CLANG_ENABLE_MODULES = YES;
				CLANG_ENABLE_OBJC_ARC = YES;
				CLANG_ENABLE_OBJC_WEAK = YES;
				CLANG_WARN_BLOCK_CAPTURE_AUTORELEASING = YES;
				CLANG_WARN_BOOL_CONVERSION = YES;
				CLANG_WARN_COMMA = YES;
				CLANG_WARN_CONSTANT_CONVERSION = YES;
				CLANG_WARN_DEPRECATED_OBJC_IMPLEMENTATIONS = YES;
				CLANG_WARN_DIRECT_OBJC_ISA_USAGE = YES_ERROR;
				CLANG_WARN_DOCUMENTATION_COMMENTS = YES;
				CLANG_WARN_EMPTY_BODY = YES;
				CLANG_WARN_ENUM_CONVERSION = YES;
				CLANG_WARN_INFINITE_RECURSION = YES;
				CLANG_WARN_INT_CONVERSION = YES;
				CLANG_WARN_NON_LITERAL_NULL_CONVERSION = YES;
				CLANG_WARN_OBJC_IMPLICIT_RETAIN_SELF = YES;
				CLANG_WARN_OBJC_LITERAL_CONVERSION = YES;
				CLANG_WARN_OBJC_ROOT_CLASS = YES_ERROR;
				CLANG_WARN_QUOTED_INCLUDE_IN_FRAMEWORK_HEADER = YES;
				CLANG_WARN_RANGE_LOOP_ANALYSIS = YES;
				CLANG_WARN_STRICT_PROTOTYPES = YES;
				CLANG_WARN_SUSPICIOUS_MOVE = YES;
				CLANG_WARN_UNGUARDED_AVAILABILITY = YES_AGGRESSIVE;
				CLANG_WARN_UNREACHABLE_CODE = YES;
				CLANG_WARN__DUPLICATE_METHOD_MATCH = YES;
				COPY_PHASE_STRIP = NO;
				DEBUG_INFORMATION_FORMAT = "dwarf-with-dsym";
				ENABLE_NS_ASSERTIONS = NO;
				ENABLE_STRICT_OBJC_MSGSEND = YES;
				ENABLE_USER_SCRIPT_SANDBOXING = YES;
				GCC_C_LANGUAGE_STANDARD = gnu17;
				GCC_NO_COMMON_BLOCKS = YES;
				GCC_WARN_64_TO_32_BIT_CONVERSION = YES;
				GCC_WARN_ABOUT_RETURN_TYPE = YES_ERROR;
				GCC_WARN_UNDECLARED_SELECTOR = YES;
				GCC_WARN_UNINITIALIZED_AUTOS = YES_AGGRESSIVE;
				GCC_WARN_UNUSED_FUNCTION = YES;
				GCC_WARN_UNUSED_VARIABLE = YES;
				IPHONEOS_DEPLOYMENT_TARGET = 17.4;
				LOCALIZATION_PREFERS_STRING_CATALOGS = YES;
				MTL_ENABLE_DEBUG_INFO = NO;
				MTL_FAST_MATH = YES;
				SDKROOT = iphoneos;
				SWIFT_COMPILATION_MODE = wholemodule;
				VALIDATE_PRODUCT = YES;
			};
			name = Release;
		};
		530C79F42BE8610500623EFD /* Debug */ = {
			isa = XCBuildConfiguration;
			buildSettings = {
				ASSETCATALOG_COMPILER_APPICON_NAME = AppIcon;
				ASSETCATALOG_COMPILER_GLOBAL_ACCENT_COLOR_NAME = AccentColor;
				CODE_SIGN_STYLE = Automatic;
				CURRENT_PROJECT_VERSION = 1;
				DEVELOPMENT_ASSET_PATHS = "\"TwoWayBindings/Preview Content\"";
				DEVELOPMENT_TEAM = K8GEK4C648;
				ENABLE_PREVIEWS = YES;
				GENERATE_INFOPLIST_FILE = YES;
				INFOPLIST_KEY_UIApplicationSceneManifest_Generation = YES;
				INFOPLIST_KEY_UIApplicationSupportsIndirectInputEvents = YES;
				INFOPLIST_KEY_UILaunchScreen_Generation = YES;
				INFOPLIST_KEY_UISupportedInterfaceOrientations_iPad = "UIInterfaceOrientationPortrait UIInterfaceOrientationPortraitUpsideDown UIInterfaceOrientationLandscapeLeft UIInterfaceOrientationLandscapeRight";
				INFOPLIST_KEY_UISupportedInterfaceOrientations_iPhone = "UIInterfaceOrientationPortrait UIInterfaceOrientationLandscapeLeft UIInterfaceOrientationLandscapeRight";
				LD_RUNPATH_SEARCH_PATHS = (
					"$(inherited)",
					"@executable_path/Frameworks",
				);
				MARKETING_VERSION = 1.0;
				PRODUCT_BUNDLE_IDENTIFIER = com.rafaelfotografy.TwoWayBindings;
				PRODUCT_NAME = "$(TARGET_NAME)";
				SWIFT_EMIT_LOC_STRINGS = YES;
				SWIFT_VERSION = 5.0;
				TARGETED_DEVICE_FAMILY = "1,2";
			};
			name = Debug;
		};
		530C79F52BE8610500623EFD /* Release */ = {
			isa = XCBuildConfiguration;
			buildSettings = {
				ASSETCATALOG_COMPILER_APPICON_NAME = AppIcon;
				ASSETCATALOG_COMPILER_GLOBAL_ACCENT_COLOR_NAME = AccentColor;
				CODE_SIGN_STYLE = Automatic;
				CURRENT_PROJECT_VERSION = 1;
				DEVELOPMENT_ASSET_PATHS = "\"TwoWayBindings/Preview Content\"";
				DEVELOPMENT_TEAM = K8GEK4C648;
				ENABLE_PREVIEWS = YES;
				GENERATE_INFOPLIST_FILE = YES;
				INFOPLIST_KEY_UIApplicationSceneManifest_Generation = YES;
				INFOPLIST_KEY_UIApplicationSupportsIndirectInputEvents = YES;
				INFOPLIST_KEY_UILaunchScreen_Generation = YES;
				INFOPLIST_KEY_UISupportedInterfaceOrientations_iPad = "UIInterfaceOrientationPortrait UIInterfaceOrientationPortraitUpsideDown UIInterfaceOrientationLandscapeLeft UIInterfaceOrientationLandscapeRight";
				INFOPLIST_KEY_UISupportedInterfaceOrientations_iPhone = "UIInterfaceOrientationPortrait UIInterfaceOrientationLandscapeLeft UIInterfaceOrientationLandscapeRight";
				LD_RUNPATH_SEARCH_PATHS = (
					"$(inherited)",
					"@executable_path/Frameworks",
				);
				MARKETING_VERSION = 1.0;
				PRODUCT_BUNDLE_IDENTIFIER = com.rafaelfotografy.TwoWayBindings;
				PRODUCT_NAME = "$(TARGET_NAME)";
				SWIFT_EMIT_LOC_STRINGS = YES;
				SWIFT_VERSION = 5.0;
				TARGETED_DEVICE_FAMILY = "1,2";
			};
			name = Release;
		};
		530C79F72BE8610500623EFD /* Debug */ = {
			isa = XCBuildConfiguration;
			buildSettings = {
				ALWAYS_EMBED_SWIFT_STANDARD_LIBRARIES = YES;
				BUNDLE_LOADER = "$(TEST_HOST)";
				CODE_SIGN_STYLE = Automatic;
				CURRENT_PROJECT_VERSION = 1;
				DEVELOPMENT_TEAM = K8GEK4C648;
				GENERATE_INFOPLIST_FILE = YES;
				IPHONEOS_DEPLOYMENT_TARGET = 17.4;
				MARKETING_VERSION = 1.0;
				PRODUCT_BUNDLE_IDENTIFIER = com.rafaelfotografy.TwoWayBindingsTests;
				PRODUCT_NAME = "$(TARGET_NAME)";
				SWIFT_EMIT_LOC_STRINGS = NO;
				SWIFT_VERSION = 5.0;
				TARGETED_DEVICE_FAMILY = "1,2";
				TEST_HOST = "$(BUILT_PRODUCTS_DIR)/TwoWayBindings.app/$(BUNDLE_EXECUTABLE_FOLDER_PATH)/TwoWayBindings";
			};
			name = Debug;
		};
		530C79F82BE8610500623EFD /* Release */ = {
			isa = XCBuildConfiguration;
			buildSettings = {
				ALWAYS_EMBED_SWIFT_STANDARD_LIBRARIES = YES;
				BUNDLE_LOADER = "$(TEST_HOST)";
				CODE_SIGN_STYLE = Automatic;
				CURRENT_PROJECT_VERSION = 1;
				DEVELOPMENT_TEAM = K8GEK4C648;
				GENERATE_INFOPLIST_FILE = YES;
				IPHONEOS_DEPLOYMENT_TARGET = 17.4;
				MARKETING_VERSION = 1.0;
				PRODUCT_BUNDLE_IDENTIFIER = com.rafaelfotografy.TwoWayBindingsTests;
				PRODUCT_NAME = "$(TARGET_NAME)";
				SWIFT_EMIT_LOC_STRINGS = NO;
				SWIFT_VERSION = 5.0;
				TARGETED_DEVICE_FAMILY = "1,2";
				TEST_HOST = "$(BUILT_PRODUCTS_DIR)/TwoWayBindings.app/$(BUNDLE_EXECUTABLE_FOLDER_PATH)/TwoWayBindings";
			};
			name = Release;
		};
		530C79FA2BE8610500623EFD /* Debug */ = {
			isa = XCBuildConfiguration;
			buildSettings = {
				ALWAYS_EMBED_SWIFT_STANDARD_LIBRARIES = YES;
				CODE_SIGN_STYLE = Automatic;
				CURRENT_PROJECT_VERSION = 1;
				DEVELOPMENT_TEAM = K8GEK4C648;
				GENERATE_INFOPLIST_FILE = YES;
				MARKETING_VERSION = 1.0;
				PRODUCT_BUNDLE_IDENTIFIER = com.rafaelfotografy.TwoWayBindingsUITests;
				PRODUCT_NAME = "$(TARGET_NAME)";
				SWIFT_EMIT_LOC_STRINGS = NO;
				SWIFT_VERSION = 5.0;
				TARGETED_DEVICE_FAMILY = "1,2";
				TEST_TARGET_NAME = TwoWayBindings;
			};
			name = Debug;
		};
		530C79FB2BE8610500623EFD /* Release */ = {
			isa = XCBuildConfiguration;
			buildSettings = {
				ALWAYS_EMBED_SWIFT_STANDARD_LIBRARIES = YES;
				CODE_SIGN_STYLE = Automatic;
				CURRENT_PROJECT_VERSION = 1;
				DEVELOPMENT_TEAM = K8GEK4C648;
				GENERATE_INFOPLIST_FILE = YES;
				MARKETING_VERSION = 1.0;
				PRODUCT_BUNDLE_IDENTIFIER = com.rafaelfotografy.TwoWayBindingsUITests;
				PRODUCT_NAME = "$(TARGET_NAME)";
				SWIFT_EMIT_LOC_STRINGS = NO;
				SWIFT_VERSION = 5.0;
				TARGETED_DEVICE_FAMILY = "1,2";
				TEST_TARGET_NAME = TwoWayBindings;
			};
			name = Release;
		};
/* End XCBuildConfiguration section */

/* Begin XCConfigurationList section */
		530C79CA2BE8610300623EFD /* Build configuration list for PBXProject "TwoWayBindings" */ = {
			isa = XCConfigurationList;
			buildConfigurations = (
				530C79F12BE8610500623EFD /* Debug */,
				530C79F22BE8610500623EFD /* Release */,
			);
			defaultConfigurationIsVisible = 0;
			defaultConfigurationName = Release;
		};
		530C79F32BE8610500623EFD /* Build configuration list for PBXNativeTarget "TwoWayBindings" */ = {
			isa = XCConfigurationList;
			buildConfigurations = (
				530C79F42BE8610500623EFD /* Debug */,
				530C79F52BE8610500623EFD /* Release */,
			);
			defaultConfigurationIsVisible = 0;
			defaultConfigurationName = Release;
		};
		530C79F62BE8610500623EFD /* Build configuration list for PBXNativeTarget "TwoWayBindingsTests" */ = {
			isa = XCConfigurationList;
			buildConfigurations = (
				530C79F72BE8610500623EFD /* Debug */,
				530C79F82BE8610500623EFD /* Release */,
			);
			defaultConfigurationIsVisible = 0;
			defaultConfigurationName = Release;
		};
		530C79F92BE8610500623EFD /* Build configuration list for PBXNativeTarget "TwoWayBindingsUITests" */ = {
			isa = XCConfigurationList;
			buildConfigurations = (
				530C79FA2BE8610500623EFD /* Debug */,
				530C79FB2BE8610500623EFD /* Release */,
			);
			defaultConfigurationIsVisible = 0;
			defaultConfigurationName = Release;
		};
/* End XCConfigurationList section */
	};
	rootObject = 530C79C72BE8610300623EFD /* Project object */;
}
